
Microsoft Visual Studio Solution File, Format Version 12.00
# Visual Studio Version 17
VisualStudioVersion = 17.5.33530.505
MinimumVisualStudioVersion = 10.0.40219.1
Project("{FAE04EC0-301F-11D3-BF4B-00C04F79EFBC}") = "WPF_05C", "WPF_05C.csproj", "{3C57B566-471D-4ECB-88C5-0EBF326CBB59}"
EndProject
Global
	GlobalSection(SolutionConfigurationPlatforms) = preSolution
		Debug|Any CPU = Debug|Any CPU
		Release|Any CPU = Release|Any CPU
	EndGlobalSection
	GlobalSection(ProjectConfigurationPlatforms) = postSolution
		{3C57B566-471D-4ECB-88C5-0EBF326CBB59}.Debug|Any CPU.ActiveCfg = Debug|Any CPU
		{3C57B566-471D-4ECB-88C5-0EBF326CBB59}.Debug|Any CPU.Build.0 = Debug|Any CPU
		{3C57B566-471D-4ECB-88C5-0EBF326CBB59}.Release|Any CPU.ActiveCfg = Release|Any CPU
		{3C57B566-471D-4ECB-88C5-0EBF326CBB59}.Release|Any CPU.Build.0 = Release|Any CPU
	EndGlobalSection
	GlobalSection(SolutionProperties) = preSolution
		HideSolutionNode = FALSE
	EndGlobalSection
	GlobalSection(ExtensibilityGlobals) = postSolution
		SolutionGuid = {753881D0-38B2-414D-A252-11CE95A48988}
	EndGlobalSection
EndGlobal
