
Microsoft Visual Studio Solution File, Format Version 12.00
# Visual Studio Version 17
VisualStudioVersion = 17.5.33530.505
MinimumVisualStudioVersion = 10.0.40219.1
Project("{FAE04EC0-301F-11D3-BF4B-00C04F79EFBC}") = "WPF_03C", "WPF_03C.csproj", "{576A5CB6-9B16-4165-B554-7B48B721077C}"
EndProject
Global
	GlobalSection(SolutionConfigurationPlatforms) = preSolution
		Debug|Any CPU = Debug|Any CPU
		Release|Any CPU = Release|Any CPU
	EndGlobalSection
	GlobalSection(ProjectConfigurationPlatforms) = postSolution
		{576A5CB6-9B16-4165-B554-7B48B721077C}.Debug|Any CPU.ActiveCfg = Debug|Any CPU
		{576A5CB6-9B16-4165-B554-7B48B721077C}.Debug|Any CPU.Build.0 = Debug|Any CPU
		{576A5CB6-9B16-4165-B554-7B48B721077C}.Release|Any CPU.ActiveCfg = Release|Any CPU
		{576A5CB6-9B16-4165-B554-7B48B721077C}.Release|Any CPU.Build.0 = Release|Any CPU
	EndGlobalSection
	GlobalSection(SolutionProperties) = preSolution
		HideSolutionNode = FALSE
	EndGlobalSection
	GlobalSection(ExtensibilityGlobals) = postSolution
		SolutionGuid = {C416517A-CB0B-46C1-BD19-49ACE55D45B3}
	EndGlobalSection
EndGlobal
