
Microsoft Visual Studio Solution File, Format Version 12.00
# Visual Studio Version 17
VisualStudioVersion = 17.5.33530.505
MinimumVisualStudioVersion = 10.0.40219.1
Project("{FAE04EC0-301F-11D3-BF4B-00C04F79EFBC}") = "WPF_09C", "WPF_09C.csproj", "{70389841-9144-4F99-A990-D95353E10FEB}"
EndProject
Global
	GlobalSection(SolutionConfigurationPlatforms) = preSolution
		Debug|Any CPU = Debug|Any CPU
		Release|Any CPU = Release|Any CPU
	EndGlobalSection
	GlobalSection(ProjectConfigurationPlatforms) = postSolution
		{70389841-9144-4F99-A990-D95353E10FEB}.Debug|Any CPU.ActiveCfg = Debug|Any CPU
		{70389841-9144-4F99-A990-D95353E10FEB}.Debug|Any CPU.Build.0 = Debug|Any CPU
		{70389841-9144-4F99-A990-D95353E10FEB}.Release|Any CPU.ActiveCfg = Release|Any CPU
		{70389841-9144-4F99-A990-D95353E10FEB}.Release|Any CPU.Build.0 = Release|Any CPU
	EndGlobalSection
	GlobalSection(SolutionProperties) = preSolution
		HideSolutionNode = FALSE
	EndGlobalSection
	GlobalSection(ExtensibilityGlobals) = postSolution
		SolutionGuid = {6AE66014-AC8B-4DD3-8858-CF212F3A5ADF}
	EndGlobalSection
EndGlobal
